{
  "nodes": {
    "nixpkgs": {
      "locked": {
        "lastModified": 1773231277,
        "narHash": "sha256-Xy3WEpUAbpsz8ydgvVAQAGGB/WB+8cNA5cshiL0McTI=",
        "owner": "NixOS",
        "repo": "nixpkgs",
        "rev": "75690239f08f885ca9b0267580101f60d10fbe62",
        "type": "github"
      },
      "original": {
        "owner": "NixOS",
        "ref": "nixpkgs-unstable",
        "repo": "nixpkgs",
        "type": "github"
      }
    },
    "root": {
      "inputs": {
        "nixpkgs": "nixpkgs",
        "rust-overlay": "rust-overlay"
      }
    },
    "rust-overlay": {
      "inputs": {
        "nixpkgs": [
          "nixpkgs"
        ]
      },
      "locked": {
        "lastModified": 1780197589,
        "narHash": "sha256-FVCr2Ij/jKf59a4LW481eeOF6rJRreOBrVgW/aUBTrw=",
        "owner": "oxalica",
        "repo": "rust-overlay",
        "rev": "21632e942d89bf1cce4e5a63d7e58a215a0cbfcc",
        "type": "github"
      },
      "original": {
        "owner": "oxalica",
        "repo": "rust-overlay",
        "type": "github"
      }
    }
  },
  "root": "root",
  "version": 7
}
